speakeasyVersion: 1.609.0
sources:
    VulkanAPI:
        sourceNamespace: vulkan-api
        sourceRevisionDigest: sha256:a89417ddce6b4b59fc8fa5a6a99e6f43c5db489e3c56177b02c5989f6bcaa59f
        sourceBlobDigest: sha256:eeebab11517848621069d37a6e6876084036a5a89c9af14a4352d56cae311bc5
        tags:
            - latest
            - 0.1.0
targets:
    lineart:
        source: VulkanAPI
        sourceNamespace: vulkan-api
        sourceRevisionDigest: sha256:a89417ddce6b4b59fc8fa5a6a99e6f43c5db489e3c56177b02c5989f6bcaa59f
        sourceBlobDigest: sha256:eeebab11517848621069d37a6e6876084036a5a89c9af14a4352d56cae311bc5
        codeSamplesNamespace: vulkan-api-python-code-samples
        codeSamplesRevisionDigest: sha256:6dccd21fab83b6af20d6776b244c7d703a3dd04eb1218e005f3f5e108f09b4cc
workflow:
    workflowVersion: 1.0.0
    speakeasyVersion: latest
    sources:
        VulkanAPI:
            inputs:
                - location: ../../generated/openapi.json
            overlays:
                - location: .speakeasy/speakeasy-modifications-overlay.yaml
            output: .speakeasy/out.openapi.yaml
            registry:
                location: registry.speakeasyapi.dev/vulkan/lineart/vulkan-api
    targets:
        lineart:
            target: python
            source: VulkanAPI
            codeSamples:
                registry:
                    location: registry.speakeasyapi.dev/vulkan/lineart/vulkan-api-python-code-samples
                labelOverride:
                    fixedValue: Python (SDK)
                blocking: false
